<?xml version="1.0" encoding="utf-8"?>
<Project ToolsVersion="4.0" xmlns="http://schemas.microsoft.com/developer/msbuild/2003">
  <ItemGroup>
    <Filter Include="リソース ファイル">
      <UniqueIdentifier>{67DA6AB6-F800-4c08-8B7A-83BB121AAD01}</UniqueIdentifier>
      <Extensions>rc;ico;cur;bmp;dlg;rc2;rct;bin;rgs;gif;jpg;jpeg;jpe;resx;tiff;tif;png;wav;mfcribbon-ms</Extensions>
    </Filter>
    <Filter Include="sukenib">
      <UniqueIdentifier>{e7f88bb6-ab1d-4c4e-b725-00febceed2af}</UniqueIdentifier>
    </Filter>
    <Filter Include="sukenib\System">
      <UniqueIdentifier>{b003095c-4256-4113-91e2-98cc1e0814e2}</UniqueIdentifier>
    </Filter>
    <Filter Include="sukenib\Utility">
      <UniqueIdentifier>{25ed1626-8a58-4e90-a4da-02df750701b5}</UniqueIdentifier>
    </Filter>
    <Filter Include="sukenib\GameEngine">
      <UniqueIdentifier>{36300f47-1215-40eb-b75b-d11ebc0d22b7}</UniqueIdentifier>
    </Filter>
    <Filter Include="メイン ファイル">
      <UniqueIdentifier>{bab46e71-e47b-446d-83be-8abf02bd9f04}</UniqueIdentifier>
    </Filter>
    <Filter Include="sukenib\Debug">
      <UniqueIdentifier>{ed8e6e79-31df-4b8e-a8cd-4074092506e9}</UniqueIdentifier>
    </Filter>
    <Filter Include="sukenib\GameEngine\Object">
      <UniqueIdentifier>{524b3a20-2e7b-44d7-bcd0-04e6abdf1bcc}</UniqueIdentifier>
    </Filter>
  </ItemGroup>
  <ItemGroup>
    <ClInclude Include="Suken.h">
      <Filter>メイン ファイル</Filter>
    </ClInclude>
    <ClInclude Include="sukenlib\GameEngine\Scene.h">
      <Filter>sukenib\GameEngine</Filter>
    </ClInclude>
    <ClInclude Include="sukenlib\Utility\Graph.h">
      <Filter>sukenib\Utility</Filter>
    </ClInclude>
    <ClInclude Include="sukenlib\Utility\Primitive.h">
      <Filter>sukenib\Utility</Filter>
    </ClInclude>
    <ClInclude Include="sukenlib\Utility\UniquePtr.h">
      <Filter>sukenib\Utility</Filter>
    </ClInclude>
    <ClInclude Include="sukenlib\Manager.h">
      <Filter>sukenib</Filter>
    </ClInclude>
    <ClInclude Include="sukenlib\System\System.h">
      <Filter>sukenib\System</Filter>
    </ClInclude>
    <ClInclude Include="sukenlib\GameEngine\Game.h">
      <Filter>sukenib\GameEngine</Filter>
    </ClInclude>
    <ClInclude Include="MyScene.h">
      <Filter>メイン ファイル</Filter>
    </ClInclude>
    <ClInclude Include="sukenlib\GameEngine\Input.h">
      <Filter>sukenib\GameEngine</Filter>
    </ClInclude>
    <ClInclude Include="sukenlib\Utility\MCE.h">
      <Filter>sukenib\Utility</Filter>
    </ClInclude>
    <ClInclude Include="sukenlib\Utility\safe_vector.h">
      <Filter>sukenib\Utility</Filter>
    </ClInclude>
    <ClInclude Include="sukenlib\Utility\Memory.h">
      <Filter>sukenib\Utility</Filter>
    </ClInclude>
    <ClInclude Include="sukenlib\Utility\KeyInputString.h">
      <Filter>sukenib\Utility</Filter>
    </ClInclude>
    <ClInclude Include="sukenlib\DebugWindow\Debug.h">
      <Filter>sukenib\Debug</Filter>
    </ClInclude>
    <ClInclude Include="sukenlib\Utility\Utility.h">
      <Filter>sukenib\Utility</Filter>
    </ClInclude>
    <ClInclude Include="sukenlib\Utility\Data.h">
      <Filter>sukenib\Utility</Filter>
    </ClInclude>
    <ClInclude Include="sukenlib\GameEngine\Object\Object.h">
      <Filter>sukenib\GameEngine\Object</Filter>
    </ClInclude>
    <ClInclude Include="sukenlib\GameEngine\Music.h">
      <Filter>sukenib\GameEngine</Filter>
    </ClInclude>
    <ClInclude Include="CSGame.h">
      <Filter>メイン ファイル</Filter>
    </ClInclude>
    <ClInclude Include="CSTitle.h">
      <Filter>メイン ファイル</Filter>
    </ClInclude>
    <ClInclude Include="player.h">
      <Filter>メイン ファイル</Filter>
    </ClInclude>
    <ClInclude Include="weapon.h">
      <Filter>メイン ファイル</Filter>
    </ClInclude>
    <ClInclude Include="enemy.h">
      <Filter>メイン ファイル</Filter>
    </ClInclude>
    <ClInclude Include="sword.h">
      <Filter>メイン ファイル</Filter>
    </ClInclude>
    <ClInclude Include="select.h">
      <Filter>メイン ファイル</Filter>
    </ClInclude>
    <ClInclude Include="map.h">
      <Filter>メイン ファイル</Filter>
    </ClInclude>
    <ClInclude Include="scrol.h">
      <Filter>メイン ファイル</Filter>
    </ClInclude>
    <ClInclude Include="pause.h">
      <Filter>メイン ファイル</Filter>
    </ClInclude>
    <ClInclude Include="over.h">
      <Filter>メイン ファイル</Filter>
    </ClInclude>
    <ClInclude Include="pub.h">
      <Filter>メイン ファイル</Filter>
    </ClInclude>
    <ClInclude Include="clear.h">
      <Filter>メイン ファイル</Filter>
    </ClInclude>
    <ClInclude Include="item.h">
      <Filter>メイン ファイル</Filter>
    </ClInclude>
    <ClInclude Include="possession.h">
      <Filter>メイン ファイル</Filter>
    </ClInclude>
    <ClInclude Include="memo.h">
      <Filter>メイン ファイル</Filter>
    </ClInclude>
    <ClInclude Include="obstacle.h">
      <Filter>メイン ファイル</Filter>
    </ClInclude>
  </ItemGroup>
  <ItemGroup>
    <ClCompile Include="Main.cpp">
      <Filter>メイン ファイル</Filter>
    </ClCompile>
    <ClCompile Include="sukenlib\Utility\Graph.cpp">
      <Filter>sukenib\Utility</Filter>
    </ClCompile>
    <ClCompile Include="sukenlib\Utility\Primitive.cpp">
      <Filter>sukenib\Utility</Filter>
    </ClCompile>
    <ClCompile Include="sukenlib\Utility\Utility.cpp">
      <Filter>sukenib\Utility</Filter>
    </ClCompile>
    <ClCompile Include="sukenlib\System\System.cpp">
      <Filter>sukenib\System</Filter>
    </ClCompile>
    <ClCompile Include="sukenlib\GameEngine\Scene.cpp">
      <Filter>sukenib\GameEngine</Filter>
    </ClCompile>
    <ClCompile Include="sukenlib\GameEngine\Game.cpp">
      <Filter>sukenib\GameEngine</Filter>
    </ClCompile>
    <ClCompile Include="CSTitle.cpp">
      <Filter>メイン ファイル</Filter>
    </ClCompile>
    <ClCompile Include="sukenlib\GameEngine\Input.cpp">
      <Filter>sukenib\GameEngine</Filter>
    </ClCompile>
    <ClCompile Include="sukenlib\WinMain.cpp">
      <Filter>sukenib</Filter>
    </ClCompile>
    <ClCompile Include="sukenlib\Utility\MCE.cpp">
      <Filter>sukenib\Utility</Filter>
    </ClCompile>
    <ClCompile Include="CSGame.cpp">
      <Filter>メイン ファイル</Filter>
    </ClCompile>
    <ClCompile Include="sukenlib\Utility\Memory.cpp">
      <Filter>sukenib\Utility</Filter>
    </ClCompile>
    <ClCompile Include="sukenlib\Utility\KeyInputString.cpp">
      <Filter>sukenib\Utility</Filter>
    </ClCompile>
    <ClCompile Include="sukenlib\DebugWindow\Debug.cpp">
      <Filter>sukenib\Debug</Filter>
    </ClCompile>
    <ClCompile Include="sukenlib\Utility\Data.cpp">
      <Filter>sukenib\Utility</Filter>
    </ClCompile>
    <ClCompile Include="sukenlib\GameEngine\Object\Object.cpp">
      <Filter>sukenib\GameEngine\Object</Filter>
    </ClCompile>
    <ClCompile Include="sukenlib\GameEngine\Music.cpp">
      <Filter>sukenib\GameEngine</Filter>
    </ClCompile>
    <ClCompile Include="player.cpp">
      <Filter>メイン ファイル</Filter>
    </ClCompile>
    <ClCompile Include="weapon.cpp">
      <Filter>メイン ファイル</Filter>
    </ClCompile>
    <ClCompile Include="enemy.cpp">
      <Filter>メイン ファイル</Filter>
    </ClCompile>
    <ClCompile Include="sword.cpp">
      <Filter>メイン ファイル</Filter>
    </ClCompile>
    <ClCompile Include="select.cpp">
      <Filter>メイン ファイル</Filter>
    </ClCompile>
    <ClCompile Include="map.cpp">
      <Filter>メイン ファイル</Filter>
    </ClCompile>
    <ClCompile Include="scrol.cpp">
      <Filter>メイン ファイル</Filter>
    </ClCompile>
    <ClCompile Include="pause.cpp">
      <Filter>メイン ファイル</Filter>
    </ClCompile>
    <ClCompile Include="over.cpp">
      <Filter>メイン ファイル</Filter>
    </ClCompile>
    <ClCompile Include="pub.cpp">
      <Filter>メイン ファイル</Filter>
    </ClCompile>
    <ClCompile Include="clear.cpp">
      <Filter>メイン ファイル</Filter>
    </ClCompile>
    <ClCompile Include="item.cpp">
      <Filter>メイン ファイル</Filter>
    </ClCompile>
    <ClCompile Include="possession.cpp">
      <Filter>メイン ファイル</Filter>
    </ClCompile>
    <ClCompile Include="obstacle.cpp">
      <Filter>メイン ファイル</Filter>
    </ClCompile>
  </ItemGroup>
  <ItemGroup>
    <ResourceCompile Include="Resourse.rc">
      <Filter>リソース ファイル</Filter>
    </ResourceCompile>
  </ItemGroup>
</Project>